
Microsoft Visual Studio Solution File, Format Version 12.00
# Visual Studio Version 17
VisualStudioVersion = 17.1.32210.238
MinimumVisualStudioVersion = 10.0.40219.1
Project("{FAE04EC0-301F-11D3-BF4B-00C04F79EFBC}") = "SerapisPatient.Android", "SerapisPatient\SerapisPatient.Android\SerapisPatient.Android.csproj", "{F717D292-E982-46EB-8B74-355EFBFA234A}"
EndProject
Project("{FAE04EC0-301F-11D3-BF4B-00C04F79EFBC}") = "SerapisPatient.iOS", "SerapisPatient\SerapisPatient.iOS\SerapisPatient.iOS.csproj", "{B14C65B3-61B4-4CC6-84B5-9AA42EF07AA9}"
EndProject
Project("{FAE04EC0-301F-11D3-BF4B-00C04F79EFBC}") = "SerapisPatient.UWP", "SerapisPatient\SerapisPatient.UWP\SerapisPatient.UWP.csproj", "{90A7AF60-BB95-464A-88C6-95D32345887B}"
EndProject
Project("{9A19103F-16F7-4668-BE54-9A1E7A4F7556}") = "SerapisPatient", "SerapisPatient\SerapisPatient\SerapisPatient.csproj", "{1A738276-8328-443D-98F3-AD04C006317C}"
EndProject
Project("{2150E333-8FDC-42A3-9474-1A3956D46DE8}") = "Targets", "Targets", "{1E21DDD8-FE52-41B4-8E07-8EFEB9A1394B}"
EndProject
Project("{2150E333-8FDC-42A3-9474-1A3956D46DE8}") = "Shared Code Base", "Shared Code Base", "{F3DB3E1E-4F53-41A2-B6D3-725BC354C189}"
EndProject
Project("{2150E333-8FDC-42A3-9474-1A3956D46DE8}") = "Test", "Test", "{C9BEC35D-FE47-4AC0-A0DC-CB5230947359}"
EndProject
Project("{FAE04EC0-301F-11D3-BF4B-00C04F79EFBC}") = "UITest", "UITest\UITest.csproj", "{5B2B8205-0308-4ABC-972B-2F3533DDFE3C}"
EndProject
Global
	GlobalSection(SolutionConfigurationPlatforms) = preSolution
		Ad-Hoc|Any CPU = Ad-Hoc|Any CPU
		Ad-Hoc|ARM = Ad-Hoc|ARM
		Ad-Hoc|iPhone = Ad-Hoc|iPhone
		Ad-Hoc|iPhoneSimulator = Ad-Hoc|iPhoneSimulator
		Ad-Hoc|x64 = Ad-Hoc|x64
		Ad-Hoc|x86 = Ad-Hoc|x86
		AppStore|Any CPU = AppStore|Any CPU
		AppStore|ARM = AppStore|ARM
		AppStore|iPhone = AppStore|iPhone
		AppStore|iPhoneSimulator = AppStore|iPhoneSimulator
		AppStore|x64 = AppStore|x64
		AppStore|x86 = AppStore|x86
		Debug|Any CPU = Debug|Any CPU
		Debug|ARM = Debug|ARM
		Debug|iPhone = Debug|iPhone
		Debug|iPhoneSimulator = Debug|iPhoneSimulator
		Debug|x64 = Debug|x64
		Debug|x86 = Debug|x86
		Release|Any CPU = Release|Any CPU
		Release|ARM = Release|ARM
		Release|iPhone = Release|iPhone
		Release|iPhoneSimulator = Release|iPhoneSimulator
		Release|x64 = Release|x64
		Release|x86 = Release|x86
	EndGlobalSection
	GlobalSection(ProjectConfigurationPlatforms) = postSolution
		{F717D292-E982-46EB-8B74-355EFBFA234A}.Ad-Hoc|Any CPU.ActiveCfg = Release|Any CPU
		{F717D292-E982-46EB-8B74-355EFBFA234A}.Ad-Hoc|Any CPU.Build.0 = Release|Any CPU
		{F717D292-E982-46EB-8B74-355EFBFA234A}.Ad-Hoc|Any CPU.Deploy.0 = Release|Any CPU
		{F717D292-E982-46EB-8B74-355EFBFA234A}.Ad-Hoc|ARM.ActiveCfg = Release|Any CPU
		{F717D292-E982-46EB-8B74-355EFBFA234A}.Ad-Hoc|ARM.Build.0 = Release|Any CPU
		{F717D292-E982-46EB-8B74-355EFBFA234A}.Ad-Hoc|ARM.Deploy.0 = Release|Any CPU
		{F717D292-E982-46EB-8B74-355EFBFA234A}.Ad-Hoc|iPhone.ActiveCfg = Release|Any CPU
		{F717D292-E982-46EB-8B74-355EFBFA234A}.Ad-Hoc|iPhone.Build.0 = Release|Any CPU
		{F717D292-E982-46EB-8B74-355EFBFA234A}.Ad-Hoc|iPhone.Deploy.0 = Release|Any CPU
		{F717D292-E982-46EB-8B74-355EFBFA234A}.Ad-Hoc|iPhoneSimulator.ActiveCfg = Release|Any CPU
		{F717D292-E982-46EB-8B74-355EFBFA234A}.Ad-Hoc|iPhoneSimulator.Build.0 = Release|Any CPU
		{F717D292-E982-46EB-8B74-355EFBFA234A}.Ad-Hoc|iPhoneSimulator.Deploy.0 = Release|Any CPU
		{F717D292-E982-46EB-8B74-355EFBFA234A}.Ad-Hoc|x64.ActiveCfg = Release|Any CPU
		{F717D292-E982-46EB-8B74-355EFBFA234A}.Ad-Hoc|x64.Build.0 = Release|Any CPU
		{F717D292-E982-46EB-8B74-355EFBFA234A}.Ad-Hoc|x64.Deploy.0 = Release|Any CPU
		{F717D292-E982-46EB-8B74-355EFBFA234A}.Ad-Hoc|x86.ActiveCfg = Release|Any CPU
		{F717D292-E982-46EB-8B74-355EFBFA234A}.Ad-Hoc|x86.Build.0 = Release|Any CPU
		{F717D292-E982-46EB-8B74-355EFBFA234A}.Ad-Hoc|x86.Deploy.0 = Release|Any CPU
		{F717D292-E982-46EB-8B74-355EFBFA234A}.AppStore|Any CPU.ActiveCfg = Release|Any CPU
		{F717D292-E982-46EB-8B74-355EFBFA234A}.AppStore|Any CPU.Build.0 = Release|Any CPU
		{F717D292-E982-46EB-8B74-355EFBFA234A}.AppStore|Any CPU.Deploy.0 = Release|Any CPU
		{F717D292-E982-46EB-8B74-355EFBFA234A}.AppStore|ARM.ActiveCfg = Release|Any CPU
		{F717D292-E982-46EB-8B74-355EFBFA234A}.AppStore|ARM.Build.0 = Release|Any CPU
		{F717D292-E982-46EB-8B74-355EFBFA234A}.AppStore|ARM.Deploy.0 = Release|Any CPU
		{F717D292-E982-46EB-8B74-355EFBFA234A}.AppStore|iPhone.ActiveCfg = Release|Any CPU
		{F717D292-E982-46EB-8B74-355EFBFA234A}.AppStore|iPhone.Build.0 = Release|Any CPU
		{F717D292-E982-46EB-8B74-355EFBFA234A}.AppStore|iPhone.Deploy.0 = Release|Any CPU
		{F717D292-E982-46EB-8B74-355EFBFA234A}.AppStore|iPhoneSimulator.ActiveCfg = Release|Any CPU
		{F717D292-E982-46EB-8B74-355EFBFA234A}.AppStore|iPhoneSimulator.Build.0 = Release|Any CPU
		{F717D292-E982-46EB-8B74-355EFBFA234A}.AppStore|iPhoneSimulator.Deploy.0 = Release|Any CPU
		{F717D292-E982-46EB-8B74-355EFBFA234A}.AppStore|x64.ActiveCfg = Release|Any CPU
		{F717D292-E982-46EB-8B74-355EFBFA234A}.AppStore|x64.Build.0 = Release|Any CPU
		{F717D292-E982-46EB-8B74-355EFBFA234A}.AppStore|x64.Deploy.0 = Release|Any CPU
		{F717D292-E982-46EB-8B74-355EFBFA234A}.AppStore|x86.ActiveCfg = Release|Any CPU
		{F717D292-E982-46EB-8B74-355EFBFA234A}.AppStore|x86.Build.0 = Release|Any CPU
		{F717D292-E982-46EB-8B74-355EFBFA234A}.AppStore|x86.Deploy.0 = Release|Any CPU
		{F717D292-E982-46EB-8B74-355EFBFA234A}.Debug|Any CPU.ActiveCfg = Debug|Any CPU
		{F717D292-E982-46EB-8B74-355EFBFA234A}.Debug|Any CPU.Build.0 = Debug|Any CPU
		{F717D292-E982-46EB-8B74-355EFBFA234A}.Debug|Any CPU.Deploy.0 = Debug|Any CPU
		{F717D292-E982-46EB-8B74-355EFBFA234A}.Debug|ARM.ActiveCfg = Debug|Any CPU
		{F717D292-E982-46EB-8B74-355EFBFA234A}.Debug|ARM.Build.0 = Debug|Any CPU
		{F717D292-E982-46EB-8B74-355EFBFA234A}.Debug|ARM.Deploy.0 = Debug|Any CPU
		{F717D292-E982-46EB-8B74-355EFBFA234A}.Debug|iPhone.ActiveCfg = Debug|Any CPU
		{F717D292-E982-46EB-8B74-355EFBFA234A}.Debug|iPhone.Build.0 = Debug|Any CPU
		{F717D292-E982-46EB-8B74-355EFBFA234A}.Debug|iPhone.Deploy.0 = Debug|Any CPU
		{F717D292-E982-46EB-8B74-355EFBFA234A}.Debug|iPhoneSimulator.ActiveCfg = Debug|Any CPU
		{F717D292-E982-46EB-8B74-355EFBFA234A}.Debug|iPhoneSimulator.Build.0 = Debug|Any CPU
		{F717D292-E982-46EB-8B74-355EFBFA234A}.Debug|iPhoneSimulator.Deploy.0 = Debug|Any CPU
		{F717D292-E982-46EB-8B74-355EFBFA234A}.Debug|x64.ActiveCfg = Debug|Any CPU
		{F717D292-E982-46EB-8B74-355EFBFA234A}.Debug|x64.Build.0 = Debug|Any CPU
		{F717D292-E982-46EB-8B74-355EFBFA234A}.Debug|x64.Deploy.0 = Debug|Any CPU
		{F717D292-E982-46EB-8B74-355EFBFA234A}.Debug|x86.ActiveCfg = Debug|Any CPU
		{F717D292-E982-46EB-8B74-355EFBFA234A}.Debug|x86.Build.0 = Debug|Any CPU
		{F717D292-E982-46EB-8B74-355EFBFA234A}.Debug|x86.Deploy.0 = Debug|Any CPU
		{F717D292-E982-46EB-8B74-355EFBFA234A}.Release|Any CPU.ActiveCfg = Release|Any CPU
		{F717D292-E982-46EB-8B74-355EFBFA234A}.Release|Any CPU.Build.0 = Release|Any CPU
		{F717D292-E982-46EB-8B74-355EFBFA234A}.Release|Any CPU.Deploy.0 = Release|Any CPU
		{F717D292-E982-46EB-8B74-355EFBFA234A}.Release|ARM.ActiveCfg = Release|Any CPU
		{F717D292-E982-46EB-8B74-355EFBFA234A}.Release|ARM.Build.0 = Release|Any CPU
		{F717D292-E982-46EB-8B74-355EFBFA234A}.Release|ARM.Deploy.0 = Release|Any CPU
		{F717D292-E982-46EB-8B74-355EFBFA234A}.Release|iPhone.ActiveCfg = Release|Any CPU
		{F717D292-E982-46EB-8B74-355EFBFA234A}.Release|iPhone.Build.0 = Release|Any CPU
		{F717D292-E982-46EB-8B74-355EFBFA234A}.Release|iPhone.Deploy.0 = Release|Any CPU
		{F717D292-E982-46EB-8B74-355EFBFA234A}.Release|iPhoneSimulator.ActiveCfg = Release|Any CPU
		{F717D292-E982-46EB-8B74-355EFBFA234A}.Release|iPhoneSimulator.Build.0 = Release|Any CPU
		{F717D292-E982-46EB-8B74-355EFBFA234A}.Release|iPhoneSimulator.Deploy.0 = Release|Any CPU
		{F717D292-E982-46EB-8B74-355EFBFA234A}.Release|x64.ActiveCfg = Release|Any CPU
		{F717D292-E982-46EB-8B74-355EFBFA234A}.Release|x64.Build.0 = Release|Any CPU
		{F717D292-E982-46EB-8B74-355EFBFA234A}.Release|x64.Deploy.0 = Release|Any CPU
		{F717D292-E982-46EB-8B74-355EFBFA234A}.Release|x86.ActiveCfg = Release|Any CPU
		{F717D292-E982-46EB-8B74-355EFBFA234A}.Release|x86.Build.0 = Release|Any CPU
		{F717D292-E982-46EB-8B74-355EFBFA234A}.Release|x86.Deploy.0 = Release|Any CPU
		{B14C65B3-61B4-4CC6-84B5-9AA42EF07AA9}.Ad-Hoc|Any CPU.ActiveCfg = Ad-Hoc|iPhone
		{B14C65B3-61B4-4CC6-84B5-9AA42EF07AA9}.Ad-Hoc|Any CPU.Build.0 = Ad-Hoc|iPhone
		{B14C65B3-61B4-4CC6-84B5-9AA42EF07AA9}.Ad-Hoc|Any CPU.Deploy.0 = Ad-Hoc|iPhone
		{B14C65B3-61B4-4CC6-84B5-9AA42EF07AA9}.Ad-Hoc|ARM.ActiveCfg = Ad-Hoc|iPhone
		{B14C65B3-61B4-4CC6-84B5-9AA42EF07AA9}.Ad-Hoc|ARM.Build.0 = Ad-Hoc|iPhone
		{B14C65B3-61B4-4CC6-84B5-9AA42EF07AA9}.Ad-Hoc|ARM.Deploy.0 = Ad-Hoc|iPhone
		{B14C65B3-61B4-4CC6-84B5-9AA42EF07AA9}.Ad-Hoc|iPhone.ActiveCfg = Ad-Hoc|iPhone
		{B14C65B3-61B4-4CC6-84B5-9AA42EF07AA9}.Ad-Hoc|iPhone.Build.0 = Ad-Hoc|iPhone
		{B14C65B3-61B4-4CC6-84B5-9AA42EF07AA9}.Ad-Hoc|iPhone.Deploy.0 = Ad-Hoc|iPhone
		{B14C65B3-61B4-4CC6-84B5-9AA42EF07AA9}.Ad-Hoc|iPhoneSimulator.ActiveCfg = Ad-Hoc|iPhoneSimulator
		{B14C65B3-61B4-4CC6-84B5-9AA42EF07AA9}.Ad-Hoc|iPhoneSimulator.Build.0 = Ad-Hoc|iPhoneSimulator
		{B14C65B3-61B4-4CC6-84B5-9AA42EF07AA9}.Ad-Hoc|iPhoneSimulator.Deploy.0 = Ad-Hoc|iPhoneSimulator
		{B14C65B3-61B4-4CC6-84B5-9AA42EF07AA9}.Ad-Hoc|x64.ActiveCfg = Ad-Hoc|iPhone
		{B14C65B3-61B4-4CC6-84B5-9AA42EF07AA9}.Ad-Hoc|x64.Build.0 = Ad-Hoc|iPhone
		{B14C65B3-61B4-4CC6-84B5-9AA42EF07AA9}.Ad-Hoc|x64.Deploy.0 = Ad-Hoc|iPhone
		{B14C65B3-61B4-4CC6-84B5-9AA42EF07AA9}.Ad-Hoc|x86.ActiveCfg = Ad-Hoc|iPhone
		{B14C65B3-61B4-4CC6-84B5-9AA42EF07AA9}.Ad-Hoc|x86.Build.0 = Ad-Hoc|iPhone
		{B14C65B3-61B4-4CC6-84B5-9AA42EF07AA9}.Ad-Hoc|x86.Deploy.0 = Ad-Hoc|iPhone
		{B14C65B3-61B4-4CC6-84B5-9AA42EF07AA9}.AppStore|Any CPU.ActiveCfg = AppStore|iPhone
		{B14C65B3-61B4-4CC6-84B5-9AA42EF07AA9}.AppStore|Any CPU.Build.0 = AppStore|iPhone
		{B14C65B3-61B4-4CC6-84B5-9AA42EF07AA9}.AppStore|Any CPU.Deploy.0 = AppStore|iPhone
		{B14C65B3-61B4-4CC6-84B5-9AA42EF07AA9}.AppStore|ARM.ActiveCfg = AppStore|iPhone
		{B14C65B3-61B4-4CC6-84B5-9AA42EF07AA9}.AppStore|ARM.Build.0 = AppStore|iPhone
		{B14C65B3-61B4-4CC6-84B5-9AA42EF07AA9}.AppStore|ARM.Deploy.0 = AppStore|iPhone
		{B14C65B3-61B4-4CC6-84B5-9AA42EF07AA9}.AppStore|iPhone.ActiveCfg = AppStore|iPhone
		{B14C65B3-61B4-4CC6-84B5-9AA42EF07AA9}.AppStore|iPhone.Build.0 = AppStore|iPhone
		{B14C65B3-61B4-4CC6-84B5-9AA42EF07AA9}.AppStore|iPhone.Deploy.0 = AppStore|iPhone
		{B14C65B3-61B4-4CC6-84B5-9AA42EF07AA9}.AppStore|iPhoneSimulator.ActiveCfg = AppStore|iPhoneSimulator
		{B14C65B3-61B4-4CC6-84B5-9AA42EF07AA9}.AppStore|iPhoneSimulator.Build.0 = AppStore|iPhoneSimulator
		{B14C65B3-61B4-4CC6-84B5-9AA42EF07AA9}.AppStore|iPhoneSimulator.Deploy.0 = AppStore|iPhoneSimulator
		{B14C65B3-61B4-4CC6-84B5-9AA42EF07AA9}.AppStore|x64.ActiveCfg = AppStore|iPhone
		{B14C65B3-61B4-4CC6-84B5-9AA42EF07AA9}.AppStore|x64.Build.0 = AppStore|iPhone
		{B14C65B3-61B4-4CC6-84B5-9AA42EF07AA9}.AppStore|x64.Deploy.0 = AppStore|iPhone
		{B14C65B3-61B4-4CC6-84B5-9AA42EF07AA9}.AppStore|x86.ActiveCfg = AppStore|iPhone
		{B14C65B3-61B4-4CC6-84B5-9AA42EF07AA9}.AppStore|x86.Build.0 = AppStore|iPhone
		{B14C65B3-61B4-4CC6-84B5-9AA42EF07AA9}.AppStore|x86.Deploy.0 = AppStore|iPhone
		{B14C65B3-61B4-4CC6-84B5-9AA42EF07AA9}.Debug|Any CPU.ActiveCfg = Debug|iPhoneSimulator
		{B14C65B3-61B4-4CC6-84B5-9AA42EF07AA9}.Debug|Any CPU.Build.0 = Debug|iPhoneSimulator
		{B14C65B3-61B4-4CC6-84B5-9AA42EF07AA9}.Debug|Any CPU.Deploy.0 = Debug|iPhoneSimulator
		{B14C65B3-61B4-4CC6-84B5-9AA42EF07AA9}.Debug|ARM.ActiveCfg = Debug|iPhone
		{B14C65B3-61B4-4CC6-84B5-9AA42EF07AA9}.Debug|ARM.Build.0 = Debug|iPhone
		{B14C65B3-61B4-4CC6-84B5-9AA42EF07AA9}.Debug|ARM.Deploy.0 = Debug|iPhone
		{B14C65B3-61B4-4CC6-84B5-9AA42EF07AA9}.Debug|iPhone.ActiveCfg = Debug|iPhone
		{B14C65B3-61B4-4CC6-84B5-9AA42EF07AA9}.Debug|iPhone.Build.0 = Debug|iPhone
		{B14C65B3-61B4-4CC6-84B5-9AA42EF07AA9}.Debug|iPhone.Deploy.0 = Debug|iPhone
		{B14C65B3-61B4-4CC6-84B5-9AA42EF07AA9}.Debug|iPhoneSimulator.ActiveCfg = Debug|iPhoneSimulator
		{B14C65B3-61B4-4CC6-84B5-9AA42EF07AA9}.Debug|iPhoneSimulator.Build.0 = Debug|iPhoneSimulator
		{B14C65B3-61B4-4CC6-84B5-9AA42EF07AA9}.Debug|iPhoneSimulator.Deploy.0 = Debug|iPhoneSimulator
		{B14C65B3-61B4-4CC6-84B5-9AA42EF07AA9}.Debug|x64.ActiveCfg = Debug|iPhone
		{B14C65B3-61B4-4CC6-84B5-9AA42EF07AA9}.Debug|x64.Build.0 = Debug|iPhone
		{B14C65B3-61B4-4CC6-84B5-9AA42EF07AA9}.Debug|x64.Deploy.0 = Debug|iPhone
		{B14C65B3-61B4-4CC6-84B5-9AA42EF07AA9}.Debug|x86.ActiveCfg = Debug|iPhone
		{B14C65B3-61B4-4CC6-84B5-9AA42EF07AA9}.Debug|x86.Build.0 = Debug|iPhone
		{B14C65B3-61B4-4CC6-84B5-9AA42EF07AA9}.Debug|x86.Deploy.0 = Debug|iPhone
		{B14C65B3-61B4-4CC6-84B5-9AA42EF07AA9}.Release|Any CPU.ActiveCfg = Release|iPhone
		{B14C65B3-61B4-4CC6-84B5-9AA42EF07AA9}.Release|Any CPU.Build.0 = Release|iPhone
		{B14C65B3-61B4-4CC6-84B5-9AA42EF07AA9}.Release|Any CPU.Deploy.0 = Release|iPhone
		{B14C65B3-61B4-4CC6-84B5-9AA42EF07AA9}.Release|ARM.ActiveCfg = Release|iPhone
		{B14C65B3-61B4-4CC6-84B5-9AA42EF07AA9}.Release|ARM.Build.0 = Release|iPhone
		{B14C65B3-61B4-4CC6-84B5-9AA42EF07AA9}.Release|ARM.Deploy.0 = Release|iPhone
		{B14C65B3-61B4-4CC6-84B5-9AA42EF07AA9}.Release|iPhone.ActiveCfg = Release|iPhone
		{B14C65B3-61B4-4CC6-84B5-9AA42EF07AA9}.Release|iPhone.Build.0 = Release|iPhone
		{B14C65B3-61B4-4CC6-84B5-9AA42EF07AA9}.Release|iPhone.Deploy.0 = Release|iPhone
		{B14C65B3-61B4-4CC6-84B5-9AA42EF07AA9}.Release|iPhoneSimulator.ActiveCfg = Release|iPhoneSimulator
		{B14C65B3-61B4-4CC6-84B5-9AA42EF07AA9}.Release|iPhoneSimulator.Build.0 = Release|iPhoneSimulator
		{B14C65B3-61B4-4CC6-84B5-9AA42EF07AA9}.Release|iPhoneSimulator.Deploy.0 = Release|iPhoneSimulator
		{B14C65B3-61B4-4CC6-84B5-9AA42EF07AA9}.Release|x64.ActiveCfg = Release|iPhone
		{B14C65B3-61B4-4CC6-84B5-9AA42EF07AA9}.Release|x64.Build.0 = Release|iPhone
		{B14C65B3-61B4-4CC6-84B5-9AA42EF07AA9}.Release|x64.Deploy.0 = Release|iPhone
		{B14C65B3-61B4-4CC6-84B5-9AA42EF07AA9}.Release|x86.ActiveCfg = Release|iPhone
		{B14C65B3-61B4-4CC6-84B5-9AA42EF07AA9}.Release|x86.Build.0 = Release|iPhone
		{B14C65B3-61B4-4CC6-84B5-9AA42EF07AA9}.Release|x86.Deploy.0 = Release|iPhone
		{90A7AF60-BB95-464A-88C6-95D32345887B}.Ad-Hoc|Any CPU.ActiveCfg = Release|x86
		{90A7AF60-BB95-464A-88C6-95D32345887B}.Ad-Hoc|Any CPU.Build.0 = Release|x86
		{90A7AF60-BB95-464A-88C6-95D32345887B}.Ad-Hoc|Any CPU.Deploy.0 = Release|x86
		{90A7AF60-BB95-464A-88C6-95D32345887B}.Ad-Hoc|ARM.ActiveCfg = Release|ARM
		{90A7AF60-BB95-464A-88C6-95D32345887B}.Ad-Hoc|ARM.Build.0 = Release|ARM
		{90A7AF60-BB95-464A-88C6-95D32345887B}.Ad-Hoc|ARM.Deploy.0 = Release|ARM
		{90A7AF60-BB95-464A-88C6-95D32345887B}.Ad-Hoc|iPhone.ActiveCfg = Release|x86
		{90A7AF60-BB95-464A-88C6-95D32345887B}.Ad-Hoc|iPhone.Build.0 = Release|x86
		{90A7AF60-BB95-464A-88C6-95D32345887B}.Ad-Hoc|iPhone.Deploy.0 = Release|x86
		{90A7AF60-BB95-464A-88C6-95D32345887B}.Ad-Hoc|iPhoneSimulator.ActiveCfg = Release|x86
		{90A7AF60-BB95-464A-88C6-95D32345887B}.Ad-Hoc|iPhoneSimulator.Build.0 = Release|x86
		{90A7AF60-BB95-464A-88C6-95D32345887B}.Ad-Hoc|iPhoneSimulator.Deploy.0 = Release|x86
		{90A7AF60-BB95-464A-88C6-95D32345887B}.Ad-Hoc|x64.ActiveCfg = Release|x64
		{90A7AF60-BB95-464A-88C6-95D32345887B}.Ad-Hoc|x64.Build.0 = Release|x64
		{90A7AF60-BB95-464A-88C6-95D32345887B}.Ad-Hoc|x64.Deploy.0 = Release|x64
		{90A7AF60-BB95-464A-88C6-95D32345887B}.Ad-Hoc|x86.ActiveCfg = Release|x86
		{90A7AF60-BB95-464A-88C6-95D32345887B}.Ad-Hoc|x86.Build.0 = Release|x86
		{90A7AF60-BB95-464A-88C6-95D32345887B}.Ad-Hoc|x86.Deploy.0 = Release|x86
		{90A7AF60-BB95-464A-88C6-95D32345887B}.AppStore|Any CPU.ActiveCfg = Release|x86
		{90A7AF60-BB95-464A-88C6-95D32345887B}.AppStore|Any CPU.Build.0 = Release|x86
		{90A7AF60-BB95-464A-88C6-95D32345887B}.AppStore|Any CPU.Deploy.0 = Release|x86
		{90A7AF60-BB95-464A-88C6-95D32345887B}.AppStore|ARM.ActiveCfg = Release|ARM
		{90A7AF60-BB95-464A-88C6-95D32345887B}.AppStore|ARM.Build.0 = Release|ARM
		{90A7AF60-BB95-464A-88C6-95D32345887B}.AppStore|ARM.Deploy.0 = Release|ARM
		{90A7AF60-BB95-464A-88C6-95D32345887B}.AppStore|iPhone.ActiveCfg = Release|x86
		{90A7AF60-BB95-464A-88C6-95D32345887B}.AppStore|iPhone.Build.0 = Release|x86
		{90A7AF60-BB95-464A-88C6-95D32345887B}.AppStore|iPhone.Deploy.0 = Release|x86
		{90A7AF60-BB95-464A-88C6-95D32345887B}.AppStore|iPhoneSimulator.ActiveCfg = Release|x86
		{90A7AF60-BB95-464A-88C6-95D32345887B}.AppStore|iPhoneSimulator.Build.0 = Release|x86
		{90A7AF60-BB95-464A-88C6-95D32345887B}.AppStore|iPhoneSimulator.Deploy.0 = Release|x86
		{90A7AF60-BB95-464A-88C6-95D32345887B}.AppStore|x64.ActiveCfg = Release|x64
		{90A7AF60-BB95-464A-88C6-95D32345887B}.AppStore|x64.Build.0 = Release|x64
		{90A7AF60-BB95-464A-88C6-95D32345887B}.AppStore|x64.Deploy.0 = Release|x64
		{90A7AF60-BB95-464A-88C6-95D32345887B}.AppStore|x86.ActiveCfg = Release|x86
		{90A7AF60-BB95-464A-88C6-95D32345887B}.AppStore|x86.Build.0 = Release|x86
		{90A7AF60-BB95-464A-88C6-95D32345887B}.AppStore|x86.Deploy.0 = Release|x86
		{90A7AF60-BB95-464A-88C6-95D32345887B}.Debug|Any CPU.ActiveCfg = Debug|x86
		{90A7AF60-BB95-464A-88C6-95D32345887B}.Debug|Any CPU.Build.0 = Debug|x86
		{90A7AF60-BB95-464A-88C6-95D32345887B}.Debug|Any CPU.Deploy.0 = Debug|x86
		{90A7AF60-BB95-464A-88C6-95D32345887B}.Debug|ARM.ActiveCfg = Debug|ARM
		{90A7AF60-BB95-464A-88C6-95D32345887B}.Debug|ARM.Build.0 = Debug|ARM
		{90A7AF60-BB95-464A-88C6-95D32345887B}.Debug|ARM.Deploy.0 = Debug|ARM
		{90A7AF60-BB95-464A-88C6-95D32345887B}.Debug|iPhone.ActiveCfg = Debug|x86
		{90A7AF60-BB95-464A-88C6-95D32345887B}.Debug|iPhone.Build.0 = Debug|x86
		{90A7AF60-BB95-464A-88C6-95D32345887B}.Debug|iPhone.Deploy.0 = Debug|x86
		{90A7AF60-BB95-464A-88C6-95D32345887B}.Debug|iPhoneSimulator.ActiveCfg = Debug|x86
		{90A7AF60-BB95-464A-88C6-95D32345887B}.Debug|iPhoneSimulator.Build.0 = Debug|x86
		{90A7AF60-BB95-464A-88C6-95D32345887B}.Debug|iPhoneSimulator.Deploy.0 = Debug|x86
		{90A7AF60-BB95-464A-88C6-95D32345887B}.Debug|x64.ActiveCfg = Debug|x64
		{90A7AF60-BB95-464A-88C6-95D32345887B}.Debug|x64.Build.0 = Debug|x64
		{90A7AF60-BB95-464A-88C6-95D32345887B}.Debug|x64.Deploy.0 = Debug|x64
		{90A7AF60-BB95-464A-88C6-95D32345887B}.Debug|x86.ActiveCfg = Debug|x86
		{90A7AF60-BB95-464A-88C6-95D32345887B}.Debug|x86.Build.0 = Debug|x86
		{90A7AF60-BB95-464A-88C6-95D32345887B}.Debug|x86.Deploy.0 = Debug|x86
		{90A7AF60-BB95-464A-88C6-95D32345887B}.Release|Any CPU.ActiveCfg = Release|x86
		{90A7AF60-BB95-464A-88C6-95D32345887B}.Release|Any CPU.Build.0 = Release|x86
		{90A7AF60-BB95-464A-88C6-95D32345887B}.Release|Any CPU.Deploy.0 = Release|x86
		{90A7AF60-BB95-464A-88C6-95D32345887B}.Release|ARM.ActiveCfg = Release|ARM
		{90A7AF60-BB95-464A-88C6-95D32345887B}.Release|ARM.Build.0 = Release|ARM
		{90A7AF60-BB95-464A-88C6-95D32345887B}.Release|ARM.Deploy.0 = Release|ARM
		{90A7AF60-BB95-464A-88C6-95D32345887B}.Release|iPhone.ActiveCfg = Release|x86
		{90A7AF60-BB95-464A-88C6-95D32345887B}.Release|iPhone.Build.0 = Release|x86
		{90A7AF60-BB95-464A-88C6-95D32345887B}.Release|iPhone.Deploy.0 = Release|x86
		{90A7AF60-BB95-464A-88C6-95D32345887B}.Release|iPhoneSimulator.ActiveCfg = Release|x86
		{90A7AF60-BB95-464A-88C6-95D32345887B}.Release|iPhoneSimulator.Build.0 = Release|x86
		{90A7AF60-BB95-464A-88C6-95D32345887B}.Release|iPhoneSimulator.Deploy.0 = Release|x86
		{90A7AF60-BB95-464A-88C6-95D32345887B}.Release|x64.ActiveCfg = Release|x64
		{90A7AF60-BB95-464A-88C6-95D32345887B}.Release|x64.Build.0 = Release|x64
		{90A7AF60-BB95-464A-88C6-95D32345887B}.Release|x64.Deploy.0 = Release|x64
		{90A7AF60-BB95-464A-88C6-95D32345887B}.Release|x86.ActiveCfg = Release|x86
		{90A7AF60-BB95-464A-88C6-95D32345887B}.Release|x86.Build.0 = Release|x86
		{90A7AF60-BB95-464A-88C6-95D32345887B}.Release|x86.Deploy.0 = Release|x86
		{1A738276-8328-443D-98F3-AD04C006317C}.Ad-Hoc|Any CPU.ActiveCfg = Debug|Any CPU
		{1A738276-8328-443D-98F3-AD04C006317C}.Ad-Hoc|Any CPU.Build.0 = Debug|Any CPU
		{1A738276-8328-443D-98F3-AD04C006317C}.Ad-Hoc|Any CPU.Deploy.0 = Debug|Any CPU
		{1A738276-8328-443D-98F3-AD04C006317C}.Ad-Hoc|ARM.ActiveCfg = Debug|Any CPU
		{1A738276-8328-443D-98F3-AD04C006317C}.Ad-Hoc|ARM.Build.0 = Debug|Any CPU
		{1A738276-8328-443D-98F3-AD04C006317C}.Ad-Hoc|ARM.Deploy.0 = Debug|Any CPU
		{1A738276-8328-443D-98F3-AD04C006317C}.Ad-Hoc|iPhone.ActiveCfg = Debug|Any CPU
		{1A738276-8328-443D-98F3-AD04C006317C}.Ad-Hoc|iPhone.Build.0 = Debug|Any CPU
		{1A738276-8328-443D-98F3-AD04C006317C}.Ad-Hoc|iPhone.Deploy.0 = Debug|Any CPU
		{1A738276-8328-443D-98F3-AD04C006317C}.Ad-Hoc|iPhoneSimulator.ActiveCfg = Debug|Any CPU
		{1A738276-8328-443D-98F3-AD04C006317C}.Ad-Hoc|iPhoneSimulator.Build.0 = Debug|Any CPU
		{1A738276-8328-443D-98F3-AD04C006317C}.Ad-Hoc|iPhoneSimulator.Deploy.0 = Debug|Any CPU
		{1A738276-8328-443D-98F3-AD04C006317C}.Ad-Hoc|x64.ActiveCfg = Debug|Any CPU
		{1A738276-8328-443D-98F3-AD04C006317C}.Ad-Hoc|x64.Build.0 = Debug|Any CPU
		{1A738276-8328-443D-98F3-AD04C006317C}.Ad-Hoc|x64.Deploy.0 = Debug|Any CPU
		{1A738276-8328-443D-98F3-AD04C006317C}.Ad-Hoc|x86.ActiveCfg = Debug|Any CPU
		{1A738276-8328-443D-98F3-AD04C006317C}.Ad-Hoc|x86.Build.0 = Debug|Any CPU
		{1A738276-8328-443D-98F3-AD04C006317C}.Ad-Hoc|x86.Deploy.0 = Debug|Any CPU
		{1A738276-8328-443D-98F3-AD04C006317C}.AppStore|Any CPU.ActiveCfg = Debug|Any CPU
		{1A738276-8328-443D-98F3-AD04C006317C}.AppStore|Any CPU.Build.0 = Debug|Any CPU
		{1A738276-8328-443D-98F3-AD04C006317C}.AppStore|Any CPU.Deploy.0 = Debug|Any CPU
		{1A738276-8328-443D-98F3-AD04C006317C}.AppStore|ARM.ActiveCfg = Debug|Any CPU
		{1A738276-8328-443D-98F3-AD04C006317C}.AppStore|ARM.Build.0 = Debug|Any CPU
		{1A738276-8328-443D-98F3-AD04C006317C}.AppStore|ARM.Deploy.0 = Debug|Any CPU
		{1A738276-8328-443D-98F3-AD04C006317C}.AppStore|iPhone.ActiveCfg = Debug|Any CPU
		{1A738276-8328-443D-98F3-AD04C006317C}.AppStore|iPhone.Build.0 = Debug|Any CPU
		{1A738276-8328-443D-98F3-AD04C006317C}.AppStore|iPhone.Deploy.0 = Debug|Any CPU
		{1A738276-8328-443D-98F3-AD04C006317C}.AppStore|iPhoneSimulator.ActiveCfg = Debug|Any CPU
		{1A738276-8328-443D-98F3-AD04C006317C}.AppStore|iPhoneSimulator.Build.0 = Debug|Any CPU
		{1A738276-8328-443D-98F3-AD04C006317C}.AppStore|iPhoneSimulator.Deploy.0 = Debug|Any CPU
		{1A738276-8328-443D-98F3-AD04C006317C}.AppStore|x64.ActiveCfg = Debug|Any CPU
		{1A738276-8328-443D-98F3-AD04C006317C}.AppStore|x64.Build.0 = Debug|Any CPU
		{1A738276-8328-443D-98F3-AD04C006317C}.AppStore|x64.Deploy.0 = Debug|Any CPU
		{1A738276-8328-443D-98F3-AD04C006317C}.AppStore|x86.ActiveCfg = Debug|Any CPU
		{1A738276-8328-443D-98F3-AD04C006317C}.AppStore|x86.Build.0 = Debug|Any CPU
		{1A738276-8328-443D-98F3-AD04C006317C}.AppStore|x86.Deploy.0 = Debug|Any CPU
		{1A738276-8328-443D-98F3-AD04C006317C}.Debug|Any CPU.ActiveCfg = Debug|Any CPU
		{1A738276-8328-443D-98F3-AD04C006317C}.Debug|Any CPU.Build.0 = Debug|Any CPU
		{1A738276-8328-443D-98F3-AD04C006317C}.Debug|Any CPU.Deploy.0 = Debug|Any CPU
		{1A738276-8328-443D-98F3-AD04C006317C}.Debug|ARM.ActiveCfg = Debug|Any CPU
		{1A738276-8328-443D-98F3-AD04C006317C}.Debug|ARM.Build.0 = Debug|Any CPU
		{1A738276-8328-443D-98F3-AD04C006317C}.Debug|ARM.Deploy.0 = Debug|Any CPU
		{1A738276-8328-443D-98F3-AD04C006317C}.Debug|iPhone.ActiveCfg = Debug|Any CPU
		{1A738276-8328-443D-98F3-AD04C006317C}.Debug|iPhone.Build.0 = Debug|Any CPU
		{1A738276-8328-443D-98F3-AD04C006317C}.Debug|iPhone.Deploy.0 = Debug|Any CPU
		{1A738276-8328-443D-98F3-AD04C006317C}.Debug|iPhoneSimulator.ActiveCfg = Debug|Any CPU
		{1A738276-8328-443D-98F3-AD04C006317C}.Debug|iPhoneSimulator.Build.0 = Debug|Any CPU
		{1A738276-8328-443D-98F3-AD04C006317C}.Debug|iPhoneSimulator.Deploy.0 = Debug|Any CPU
		{1A738276-8328-443D-98F3-AD04C006317C}.Debug|x64.ActiveCfg = Debug|Any CPU
		{1A738276-8328-443D-98F3-AD04C006317C}.Debug|x64.Build.0 = Debug|Any CPU
		{1A738276-8328-443D-98F3-AD04C006317C}.Debug|x64.Deploy.0 = Debug|Any CPU
		{1A738276-8328-443D-98F3-AD04C006317C}.Debug|x86.ActiveCfg = Debug|Any CPU
		{1A738276-8328-443D-98F3-AD04C006317C}.Debug|x86.Build.0 = Debug|Any CPU
		{1A738276-8328-443D-98F3-AD04C006317C}.Debug|x86.Deploy.0 = Debug|Any CPU
		{1A738276-8328-443D-98F3-AD04C006317C}.Release|Any CPU.ActiveCfg = Release|Any CPU
		{1A738276-8328-443D-98F3-AD04C006317C}.Release|Any CPU.Build.0 = Release|Any CPU
		{1A738276-8328-443D-98F3-AD04C006317C}.Release|Any CPU.Deploy.0 = Release|Any CPU
		{1A738276-8328-443D-98F3-AD04C006317C}.Release|ARM.ActiveCfg = Release|Any CPU
		{1A738276-8328-443D-98F3-AD04C006317C}.Release|ARM.Build.0 = Release|Any CPU
		{1A738276-8328-443D-98F3-AD04C006317C}.Release|ARM.Deploy.0 = Release|Any CPU
		{1A738276-8328-443D-98F3-AD04C006317C}.Release|iPhone.ActiveCfg = Release|Any CPU
		{1A738276-8328-443D-98F3-AD04C006317C}.Release|iPhone.Build.0 = Release|Any CPU
		{1A738276-8328-443D-98F3-AD04C006317C}.Release|iPhone.Deploy.0 = Release|Any CPU
		{1A738276-8328-443D-98F3-AD04C006317C}.Release|iPhoneSimulator.ActiveCfg = Release|Any CPU
		{1A738276-8328-443D-98F3-AD04C006317C}.Release|iPhoneSimulator.Build.0 = Release|Any CPU
		{1A738276-8328-443D-98F3-AD04C006317C}.Release|iPhoneSimulator.Deploy.0 = Release|Any CPU
		{1A738276-8328-443D-98F3-AD04C006317C}.Release|x64.ActiveCfg = Release|Any CPU
		{1A738276-8328-443D-98F3-AD04C006317C}.Release|x64.Build.0 = Release|Any CPU
		{1A738276-8328-443D-98F3-AD04C006317C}.Release|x64.Deploy.0 = Release|Any CPU
		{1A738276-8328-443D-98F3-AD04C006317C}.Release|x86.ActiveCfg = Release|Any CPU
		{1A738276-8328-443D-98F3-AD04C006317C}.Release|x86.Build.0 = Release|Any CPU
		{1A738276-8328-443D-98F3-AD04C006317C}.Release|x86.Deploy.0 = Release|Any CPU
		{5B2B8205-0308-4ABC-972B-2F3533DDFE3C}.Ad-Hoc|Any CPU.ActiveCfg = Debug|Any CPU
		{5B2B8205-0308-4ABC-972B-2F3533DDFE3C}.Ad-Hoc|Any CPU.Build.0 = Debug|Any CPU
		{5B2B8205-0308-4ABC-972B-2F3533DDFE3C}.Ad-Hoc|ARM.ActiveCfg = Debug|Any CPU
		{5B2B8205-0308-4ABC-972B-2F3533DDFE3C}.Ad-Hoc|ARM.Build.0 = Debug|Any CPU
		{5B2B8205-0308-4ABC-972B-2F3533DDFE3C}.Ad-Hoc|iPhone.ActiveCfg = Debug|Any CPU
		{5B2B8205-0308-4ABC-972B-2F3533DDFE3C}.Ad-Hoc|iPhone.Build.0 = Debug|Any CPU
		{5B2B8205-0308-4ABC-972B-2F3533DDFE3C}.Ad-Hoc|iPhoneSimulator.ActiveCfg = Debug|Any CPU
		{5B2B8205-0308-4ABC-972B-2F3533DDFE3C}.Ad-Hoc|iPhoneSimulator.Build.0 = Debug|Any CPU
		{5B2B8205-0308-4ABC-972B-2F3533DDFE3C}.Ad-Hoc|x64.ActiveCfg = Debug|Any CPU
		{5B2B8205-0308-4ABC-972B-2F3533DDFE3C}.Ad-Hoc|x64.Build.0 = Debug|Any CPU
		{5B2B8205-0308-4ABC-972B-2F3533DDFE3C}.Ad-Hoc|x86.ActiveCfg = Debug|Any CPU
		{5B2B8205-0308-4ABC-972B-2F3533DDFE3C}.Ad-Hoc|x86.Build.0 = Debug|Any CPU
		{5B2B8205-0308-4ABC-972B-2F3533DDFE3C}.AppStore|Any CPU.ActiveCfg = Debug|Any CPU
		{5B2B8205-0308-4ABC-972B-2F3533DDFE3C}.AppStore|Any CPU.Build.0 = Debug|Any CPU
		{5B2B8205-0308-4ABC-972B-2F3533DDFE3C}.AppStore|ARM.ActiveCfg = Debug|Any CPU
		{5B2B8205-0308-4ABC-972B-2F3533DDFE3C}.AppStore|ARM.Build.0 = Debug|Any CPU
		{5B2B8205-0308-4ABC-972B-2F3533DDFE3C}.AppStore|iPhone.ActiveCfg = Debug|Any CPU
		{5B2B8205-0308-4ABC-972B-2F3533DDFE3C}.AppStore|iPhone.Build.0 = Debug|Any CPU
		{5B2B8205-0308-4ABC-972B-2F3533DDFE3C}.AppStore|iPhoneSimulator.ActiveCfg = Debug|Any CPU
		{5B2B8205-0308-4ABC-972B-2F3533DDFE3C}.AppStore|iPhoneSimulator.Build.0 = Debug|Any CPU
		{5B2B8205-0308-4ABC-972B-2F3533DDFE3C}.AppStore|x64.ActiveCfg = Debug|Any CPU
		{5B2B8205-0308-4ABC-972B-2F3533DDFE3C}.AppStore|x64.Build.0 = Debug|Any CPU
		{5B2B8205-0308-4ABC-972B-2F3533DDFE3C}.AppStore|x86.ActiveCfg = Debug|Any CPU
		{5B2B8205-0308-4ABC-972B-2F3533DDFE3C}.AppStore|x86.Build.0 = Debug|Any CPU
		{5B2B8205-0308-4ABC-972B-2F3533DDFE3C}.Debug|Any CPU.ActiveCfg = Debug|Any CPU
		{5B2B8205-0308-4ABC-972B-2F3533DDFE3C}.Debug|Any CPU.Build.0 = Debug|Any CPU
		{5B2B8205-0308-4ABC-972B-2F3533DDFE3C}.Debug|ARM.ActiveCfg = Debug|Any CPU
		{5B2B8205-0308-4ABC-972B-2F3533DDFE3C}.Debug|ARM.Build.0 = Debug|Any CPU
		{5B2B8205-0308-4ABC-972B-2F3533DDFE3C}.Debug|iPhone.ActiveCfg = Debug|Any CPU
		{5B2B8205-0308-4ABC-972B-2F3533DDFE3C}.Debug|iPhone.Build.0 = Debug|Any CPU
		{5B2B8205-0308-4ABC-972B-2F3533DDFE3C}.Debug|iPhoneSimulator.ActiveCfg = Debug|Any CPU
		{5B2B8205-0308-4ABC-972B-2F3533DDFE3C}.Debug|iPhoneSimulator.Build.0 = Debug|Any CPU
		{5B2B8205-0308-4ABC-972B-2F3533DDFE3C}.Debug|x64.ActiveCfg = Debug|Any CPU
		{5B2B8205-0308-4ABC-972B-2F3533DDFE3C}.Debug|x64.Build.0 = Debug|Any CPU
		{5B2B8205-0308-4ABC-972B-2F3533DDFE3C}.Debug|x86.ActiveCfg = Debug|Any CPU
		{5B2B8205-0308-4ABC-972B-2F3533DDFE3C}.Debug|x86.Build.0 = Debug|Any CPU
		{5B2B8205-0308-4ABC-972B-2F3533DDFE3C}.Release|Any CPU.ActiveCfg = Release|Any CPU
		{5B2B8205-0308-4ABC-972B-2F3533DDFE3C}.Release|Any CPU.Build.0 = Release|Any CPU
		{5B2B8205-0308-4ABC-972B-2F3533DDFE3C}.Release|ARM.ActiveCfg = Release|Any CPU
		{5B2B8205-0308-4ABC-972B-2F3533DDFE3C}.Release|ARM.Build.0 = Release|Any CPU
		{5B2B8205-0308-4ABC-972B-2F3533DDFE3C}.Release|iPhone.ActiveCfg = Release|Any CPU
		{5B2B8205-0308-4ABC-972B-2F3533DDFE3C}.Release|iPhone.Build.0 = Release|Any CPU
		{5B2B8205-0308-4ABC-972B-2F3533DDFE3C}.Release|iPhoneSimulator.ActiveCfg = Release|Any CPU
		{5B2B8205-0308-4ABC-972B-2F3533DDFE3C}.Release|iPhoneSimulator.Build.0 = Release|Any CPU
		{5B2B8205-0308-4ABC-972B-2F3533DDFE3C}.Release|x64.ActiveCfg = Release|Any CPU
		{5B2B8205-0308-4ABC-972B-2F3533DDFE3C}.Release|x64.Build.0 = Release|Any CPU
		{5B2B8205-0308-4ABC-972B-2F3533DDFE3C}.Release|x86.ActiveCfg = Release|Any CPU
		{5B2B8205-0308-4ABC-972B-2F3533DDFE3C}.Release|x86.Build.0 = Release|Any CPU
	EndGlobalSection
	GlobalSection(SolutionProperties) = preSolution
		HideSolutionNode = FALSE
	EndGlobalSection
	GlobalSection(NestedProjects) = preSolution
		{F717D292-E982-46EB-8B74-355EFBFA234A} = {1E21DDD8-FE52-41B4-8E07-8EFEB9A1394B}
		{B14C65B3-61B4-4CC6-84B5-9AA42EF07AA9} = {1E21DDD8-FE52-41B4-8E07-8EFEB9A1394B}
		{90A7AF60-BB95-464A-88C6-95D32345887B} = {1E21DDD8-FE52-41B4-8E07-8EFEB9A1394B}
		{1A738276-8328-443D-98F3-AD04C006317C} = {F3DB3E1E-4F53-41A2-B6D3-725BC354C189}
		{5B2B8205-0308-4ABC-972B-2F3533DDFE3C} = {C9BEC35D-FE47-4AC0-A0DC-CB5230947359}
	EndGlobalSection
	GlobalSection(ExtensibilityGlobals) = postSolution
		SolutionGuid = {2002B950-4410-4663-BB73-118801F8F516}
	EndGlobalSection
EndGlobal
